// !$*UTF8*$!
{
	archiveVersion = 1;
	classes = {
	};
	objectVersion = 48;
	objects = {

/* Begin PBXBuildFile section */
		21BF8F0D205DACEE00059521 /* AppDelegate.swift in Sources */ = {isa = PBXBuildFile; fileRef = 21BF8F0C205DACEE00059521 /* AppDelegate.swift */; };
		21BF8F0F205DACEE00059521 /* ViewController.swift in Sources */ = {isa = PBXBuildFile; fileRef = 21BF8F0E205DACEE00059521 /* ViewController.swift */; };
		21BF8F12205DACEE00059521 /* Main.storyboard in Resources */ = {isa = PBXBuildFile; fileRef = 21BF8F10205DACEE00059521 /* Main.storyboard */; };
		21BF8F15205DACEE00059521 /* Beep_Beep.xcdatamodeld in Sources */ = {isa = PBXBuildFile; fileRef = 21BF8F13205DACEE00059521 /* Beep_Beep.xcdatamodeld */; };
		21BF8F17205DACEE00059521 /* Assets.xcassets in Resources */ = {isa = PBXBuildFile; fileRef = 21BF8F16205DACEE00059521 /* Assets.xcassets */; };
		21BF8F23205DC02F00059521 /* TimerViewController.swift in Sources */ = {isa = PBXBuildFile; fileRef = 21BF8F21205DC02F00059521 /* TimerViewController.swift */; };
		21BF8F26205DC49F00059521 /* Gif.swift in Sources */ = {isa = PBXBuildFile; fileRef = 21BF8F25205DC49F00059521 /* Gif.swift */; };
		21BF8F28205DC80B00059521 /* sleepy corgo.gif in Resources */ = {isa = PBXBuildFile; fileRef = 21BF8F27205DC80B00059521 /* sleepy corgo.gif */; };
		21F746D8205E8C2B002AFD43 /* active corgo.gif in Resources */ = {isa = PBXBuildFile; fileRef = 21F746D7205E8C2B002AFD43 /* active corgo.gif */; };
/* End PBXBuildFile section */

/* Begin PBXFileReference section */
		21BF8F09205DACEE00059521 /* Beep Beep.app */ = {isa = PBXFileReference; explicitFileType = wrapper.application; includeInIndex = 0; path = "Beep Beep.app"; sourceTree = BUILT_PRODUCTS_DIR; };
		21BF8F0C205DACEE00059521 /* AppDelegate.swift */ = {isa = PBXFileReference; lastKnownFileType = sourcecode.swift; path = AppDelegate.swift; sourceTree = "<group>"; };
		21BF8F0E205DACEE00059521 /* ViewController.swift */ = {isa = PBXFileReference; lastKnownFileType = sourcecode.swift; path = ViewController.swift; sourceTree = "<group>"; };
		21BF8F11205DACEE00059521 /* Base */ = {isa = PBXFileReference; lastKnownFileType = file.storyboard; name = Base; path = Base.lproj/Main.storyboard; sourceTree = "<group>"; };
		21BF8F14205DACEE00059521 /* Beep_Beep.xcdatamodel */ = {isa = PBXFileReference; lastKnownFileType = wrapper.xcdatamodel; path = Beep_Beep.xcdatamodel; sourceTree = "<group>"; };
		21BF8F16205DACEE00059521 /* Assets.xcassets */ = {isa = PBXFileReference; lastKnownFileType = folder.assetcatalog; path = Assets.xcassets; sourceTree = "<group>"; };
		21BF8F1B205DACEE00059521 /* Info.plist */ = {isa = PBXFileReference; lastKnownFileType = text.plist.xml; path = Info.plist; sourceTree = "<group>"; };
		21BF8F21205DC02F00059521 /* TimerViewController.swift */ = {isa = PBXFileReference; lastKnownFileType = sourcecode.swift; path = TimerViewController.swift; sourceTree = "<group>"; };
		21BF8F25205DC49F00059521 /* Gif.swift */ = {isa = PBXFileReference; lastKnownFileType = sourcecode.swift; path = Gif.swift; sourceTree = "<group>"; };
		21BF8F27205DC80B00059521 /* sleepy corgo.gif */ = {isa = PBXFileReference; lastKnownFileType = image.gif; name = "sleepy corgo.gif"; path = "../../imges/sleepy corgo.gif"; sourceTree = "<group>"; };
		21F746D7205E8C2B002AFD43 /* active corgo.gif */ = {isa = PBXFileReference; lastKnownFileType = image.gif; name = "active corgo.gif"; path = "../../imges/active corgo.gif"; sourceTree = "<group>"; };
/* End PBXFileReference section */

/* Begin PBXFrameworksBuildPhase section */
		21BF8F06205DACEE00059521 /* Frameworks */ = {
			isa = PBXFrameworksBuildPhase;
			buildActionMask = 2147483647;
			files = (
			);
			runOnlyForDeploymentPostprocessing = 0;
		};
/* End PBXFrameworksBuildPhase section */

/* Begin PBXGroup section */
		21BF8F00205DACED00059521 = {
			isa = PBXGroup;
			children = (
				21BF8F0B205DACEE00059521 /* Beep Beep */,
				21BF8F0A205DACEE00059521 /* Products */,
			);
			sourceTree = "<group>";
		};
		21BF8F0A205DACEE00059521 /* Products */ = {
			isa = PBXGroup;
			children = (
				21BF8F09205DACEE00059521 /* Beep Beep.app */,
			);
			name = Products;
			sourceTree = "<group>";
		};
		21BF8F0B205DACEE00059521 /* Beep Beep */ = {
			isa = PBXGroup;
			children = (
				21BF8F0C205DACEE00059521 /* AppDelegate.swift */,
				21BF8F0E205DACEE00059521 /* ViewController.swift */,
				21BF8F10205DACEE00059521 /* Main.storyboard */,
				21BF8F21205DC02F00059521 /* TimerViewController.swift */,
				21BF8F16205DACEE00059521 /* Assets.xcassets */,
				21BF8F27205DC80B00059521 /* sleepy corgo.gif */,
				21F746D7205E8C2B002AFD43 /* active corgo.gif */,
				21BF8F1B205DACEE00059521 /* Info.plist */,
				21BF8F13205DACEE00059521 /* Beep_Beep.xcdatamodeld */,
				21BF8F25205DC49F00059521 /* Gif.swift */,
			);
			path = "Beep Beep";
			sourceTree = "<group>";
		};
/* End PBXGroup section */

/* Begin PBXNativeTarget section */
		21BF8F08205DACEE00059521 /* Beep Beep */ = {
			isa = PBXNativeTarget;
			buildConfigurationList = 21BF8F1E205DACEE00059521 /* Build configuration list for PBXNativeTarget "Beep Beep" */;
			buildPhases = (
				21BF8F05205DACEE00059521 /* Sources */,
				21BF8F06205DACEE00059521 /* Frameworks */,
				21BF8F07205DACEE00059521 /* Resources */,
			);
			buildRules = (
			);
			dependencies = (
			);
			name = "Beep Beep";
			productName = "Beep Beep";
			productReference = 21BF8F09205DACEE00059521 /* Beep Beep.app */;
			productType = "com.apple.product-type.application";
		};
/* End PBXNativeTarget section */

/* Begin PBXProject section */
		21BF8F01205DACED00059521 /* Project object */ = {
			isa = PBXProject;
			attributes = {
				LastSwiftUpdateCheck = 0920;
				LastUpgradeCheck = 0920;
				ORGANIZATIONNAME = "Lilian Shen";
				TargetAttributes = {
					21BF8F08205DACEE00059521 = {
						CreatedOnToolsVersion = 9.2;
						ProvisioningStyle = Automatic;
					};
				};
			};
			buildConfigurationList = 21BF8F04205DACED00059521 /* Build configuration list for PBXProject "Beep Beep" */;
			compatibilityVersion = "Xcode 8.0";
			developmentRegion = en;
			hasScannedForEncodings = 0;
			knownRegions = (
				en,
				Base,
			);
			mainGroup = 21BF8F00205DACED00059521;
			productRefGroup = 21BF8F0A205DACEE00059521 /* Products */;
			projectDirPath = "";
			projectRoot = "";
			targets = (
				21BF8F08205DACEE00059521 /* Beep Beep */,
			);
		};
/* End PBXProject section */

/* Begin PBXResourcesBuildPhase section */
		21BF8F07205DACEE00059521 /* Resources */ = {
			isa = PBXResourcesBuildPhase;
			buildActionMask = 2147483647;
			files = (
				21BF8F17205DACEE00059521 /* Assets.xcassets in Resources */,
				21BF8F12205DACEE00059521 /* Main.storyboard in Resources */,
				21F746D8205E8C2B002AFD43 /* active corgo.gif in Resources */,
				21BF8F28205DC80B00059521 /* sleepy corgo.gif in Resources */,
			);
			runOnlyForDeploymentPostprocessing = 0;
		};
/* End PBXResourcesBuildPhase section */

/* Begin PBXSourcesBuildPhase section */
		21BF8F05205DACEE00059521 /* Sources */ = {
			isa = PBXSourcesBuildPhase;
			buildActionMask = 2147483647;
			files = (
				21BF8F23205DC02F00059521 /* TimerViewController.swift in Sources */,
				21BF8F0F205DACEE00059521 /* ViewController.swift in Sources */,
				21BF8F0D205DACEE00059521 /* AppDelegate.swift in Sources */,
				21BF8F15205DACEE00059521 /* Beep_Beep.xcdatamodeld in Sources */,
				21BF8F26205DC49F00059521 /* Gif.swift in Sources */,
			);
			runOnlyForDeploymentPostprocessing = 0;
		};
/* End PBXSourcesBuildPhase section */

/* Begin PBXVariantGroup section */
		21BF8F10205DACEE00059521 /* Main.storyboard */ = {
			isa = PBXVariantGroup;
			children = (
				21BF8F11205DACEE00059521 /* Base */,
			);
			name = Main.storyboard;
			sourceTree = "<group>";
		};
/* End PBXVariantGroup section */

/* Begin XCBuildConfiguration section */
		21BF8F1C205DACEE00059521 /* Debug */ = {
			isa = XCBuildConfiguration;
			buildSettings = {
				ALWAYS_SEARCH_USER_PATHS = NO;
				CLANG_ANALYZER_NONNULL = YES;
				CLANG_ANALYZER_NUMBER_OBJECT_CONVERSION = YES_AGGRESSIVE;
				CLANG_CXX_LANGUAGE_STANDARD = "gnu++14";
				CLANG_CXX_LIBRARY = "libc++";
				CLANG_ENABLE_MODULES = YES;
				CLANG_ENABLE_OBJC_ARC = YES;
				CLANG_WARN_BLOCK_CAPTURE_AUTORELEASING = YES;
				CLANG_WARN_BOOL_CONVERSION = YES;
				CLANG_WARN_COMMA = YES;
				CLANG_WARN_CONSTANT_CONVERSION = YES;
				CLANG_WARN_DIRECT_OBJC_ISA_USAGE = YES_ERROR;
				CLANG_WARN_DOCUMENTATION_COMMENTS = YES;
				CLANG_WARN_EMPTY_BODY = YES;
				CLANG_WARN_ENUM_CONVERSION = YES;
				CLANG_WARN_INFINITE_RECURSION = YES;
				CLANG_WARN_INT_CONVERSION = YES;
				CLANG_WARN_NON_LITERAL_NULL_CONVERSION = YES;
				CLANG_WARN_OBJC_LITERAL_CONVERSION = YES;
				CLANG_WARN_OBJC_ROOT_CLASS = YES_ERROR;
				CLANG_WARN_RANGE_LOOP_ANALYSIS = YES;
				CLANG_WARN_STRICT_PROTOTYPES = YES;
				CLANG_WARN_SUSPICIOUS_MOVE = YES;
				CLANG_WARN_UNGUARDED_AVAILABILITY = YES_AGGRESSIVE;
				CLANG_WARN_UNREACHABLE_CODE = YES;
				CLANG_WARN__DUPLICATE_METHOD_MATCH = YES;
				CODE_SIGN_IDENTITY = "iPhone Developer";
				COPY_PHASE_STRIP = NO;
				DEBUG_INFORMATION_FORMAT = dwarf;
				ENABLE_STRICT_OBJC_MSGSEND = YES;
				ENABLE_TESTABILITY = YES;
				GCC_C_LANGUAGE_STANDARD = gnu11;
				GCC_DYNAMIC_NO_PIC = NO;
				GCC_NO_COMMON_BLOCKS = YES;
				GCC_OPTIMIZATION_LEVEL = 0;
				GCC_PREPROCESSOR_DEFINITIONS = (
					"DEBUG=1",
					"$(inherited)",
				);
				GCC_WARN_64_TO_32_BIT_CONVERSION = YES;
				GCC_WARN_ABOUT_RETURN_TYPE = YES_ERROR;
				GCC_WARN_UNDECLARED_SELECTOR = YES;
				GCC_WARN_UNINITIALIZED_AUTOS = YES_AGGRESSIVE;
				GCC_WARN_UNUSED_FUNCTION = YES;
				GCC_WARN_UNUSED_VARIABLE = YES;
				IPHONEOS_DEPLOYMENT_TARGET = 11.2;
				MTL_ENABLE_DEBUG_INFO = YES;
				ONLY_ACTIVE_ARCH = YES;
				SDKROOT = iphoneos;
				SWIFT_ACTIVE_COMPILATION_CONDITIONS = DEBUG;
				SWIFT_OPTIMIZATION_LEVEL = "-Onone";
			};
			name = Debug;
		};
		21BF8F1D205DACEE00059521 /* Release */ = {
			isa = XCBuildConfiguration;
			buildSettings = {
				ALWAYS_SEARCH_USER_PATHS = NO;
				CLANG_ANALYZER_NONNULL = YES;
				CLANG_ANALYZER_NUMBER_OBJECT_CONVERSION = YES_AGGRESSIVE;
				CLANG_CXX_LANGUAGE_STANDARD = "gnu++14";
				CLANG_CXX_LIBRARY = "libc++";
				CLANG_ENABLE_MODULES = YES;
				CLANG_ENABLE_OBJC_ARC = YES;
				CLANG_WARN_BLOCK_CAPTURE_AUTORELEASING = YES;
				CLANG_WARN_BOOL_CONVERSION = YES;
				CLANG_WARN_COMMA = YES;
				CLANG_WARN_CONSTANT_CONVERSION = YES;
				CLANG_WARN_DIRECT_OBJC_ISA_USAGE = YES_ERROR;
				CLANG_WARN_DOCUMENTATION_COMMENTS = YES;
				CLANG_WARN_EMPTY_BODY = YES;
				CLANG_WARN_ENUM_CONVERSION = YES;
				CLANG_WARN_INFINITE_RECURSION = YES;
				CLANG_WARN_INT_CONVERSION = YES;
				CLANG_WARN_NON_LITERAL_NULL_CONVERSION = YES;
				CLANG_WARN_OBJC_LITERAL_CONVERSION = YES;
				CLANG_WARN_OBJC_ROOT_CLASS = YES_ERROR;
				CLANG_WARN_RANGE_LOOP_ANALYSIS = YES;
				CLANG_WARN_STRICT_PROTOTYPES = YES;
				CLANG_WARN_SUSPICIOUS_MOVE = YES;
				CLANG_WARN_UNGUARDED_AVAILABILITY = YES_AGGRESSIVE;
				CLANG_WARN_UNREACHABLE_CODE = YES;
				CLANG_WARN__DUPLICATE_METHOD_MATCH = YES;
				CODE_SIGN_IDENTITY = "iPhone Developer";
				COPY_PHASE_STRIP = NO;
				DEBUG_INFORMATION_FORMAT = "dwarf-with-dsym";
				ENABLE_NS_ASSERTIONS = NO;
				ENABLE_STRICT_OBJC_MSGSEND = YES;
				GCC_C_LANGUAGE_STANDARD = gnu11;
				GCC_NO_COMMON_BLOCKS = YES;
				GCC_WARN_64_TO_32_BIT_CONVERSION = YES;
				GCC_WARN_ABOUT_RETURN_TYPE = YES_ERROR;
				GCC_WARN_UNDECLARED_SELECTOR = YES;
				GCC_WARN_UNINITIALIZED_AUTOS = YES_AGGRESSIVE;
				GCC_WARN_UNUSED_FUNCTION = YES;
				GCC_WARN_UNUSED_VARIABLE = YES;
				IPHONEOS_DEPLOYMENT_TARGET = 11.2;
				MTL_ENABLE_DEBUG_INFO = NO;
				SDKROOT = iphoneos;
				SWIFT_OPTIMIZATION_LEVEL = "-Owholemodule";
				VALIDATE_PRODUCT = YES;
			};
			name = Release;
		};
		21BF8F1F205DACEE00059521 /* Debug */ = {
			isa = XCBuildConfiguration;
			buildSettings = {
				ASSETCATALOG_COMPILER_APPICON_NAME = AppIcon;
				CODE_SIGN_STYLE = Automatic;
				DEVELOPMENT_TEAM = HVAK544U3E;
				INFOPLIST_FILE = "Beep Beep/Info.plist";
				IPHONEOS_DEPLOYMENT_TARGET = 11.1;
				LD_RUNPATH_SEARCH_PATHS = "$(inherited) @executable_path/Frameworks";
				PRODUCT_BUNDLE_IDENTIFIER = "com.makeschool.Beep-Beep";
				PRODUCT_NAME = "$(TARGET_NAME)";
				SWIFT_VERSION = 4.0;
				TARGETED_DEVICE_FAMILY = 1;
			};
			name = Debug;
		};
		21BF8F20205DACEE00059521 /* Release */ = {
			isa = XCBuildConfiguration;
			buildSettings = {
				ASSETCATALOG_COMPILER_APPICON_NAME = AppIcon;
				CODE_SIGN_STYLE = Automatic;
				DEVELOPMENT_TEAM = HVAK544U3E;
				INFOPLIST_FILE = "Beep Beep/Info.plist";
				IPHONEOS_DEPLOYMENT_TARGET = 11.1;
				LD_RUNPATH_SEARCH_PATHS = "$(inherited) @executable_path/Frameworks";
				PRODUCT_BUNDLE_IDENTIFIER = "com.makeschool.Beep-Beep";
				PRODUCT_NAME = "$(TARGET_NAME)";
				SWIFT_VERSION = 4.0;
				TARGETED_DEVICE_FAMILY = 1;
			};
			name = Release;
		};
/* End XCBuildConfiguration section */

/* Begin XCConfigurationList section */
		21BF8F04205DACED00059521 /* Build configuration list for PBXProject "Beep Beep" */ = {
			isa = XCConfigurationList;
			buildConfigurations = (
				21BF8F1C205DACEE00059521 /* Debug */,
				21BF8F1D205DACEE00059521 /* Release */,
			);
			defaultConfigurationIsVisible = 0;
			defaultConfigurationName = Release;
		};
		21BF8F1E205DACEE00059521 /* Build configuration list for PBXNativeTarget "Beep Beep" */ = {
			isa = XCConfigurationList;
			buildConfigurations = (
				21BF8F1F205DACEE00059521 /* Debug */,
				21BF8F20205DACEE00059521 /* Release */,
			);
			defaultConfigurationIsVisible = 0;
			defaultConfigurationName = Release;
		};
/* End XCConfigurationList section */

/* Begin XCVersionGroup section */
		21BF8F13205DACEE00059521 /* Beep_Beep.xcdatamodeld */ = {
			isa = XCVersionGroup;
			children = (
				21BF8F14205DACEE00059521 /* Beep_Beep.xcdatamodel */,
			);
			currentVersion = 21BF8F14205DACEE00059521 /* Beep_Beep.xcdatamodel */;
			path = Beep_Beep.xcdatamodeld;
			sourceTree = "<group>";
			versionGroupType = wrapper.xcdatamodel;
		};
/* End XCVersionGroup section */
	};
	rootObject = 21BF8F01205DACED00059521 /* Project object */;
}
